
Microsoft Visual Studio Solution File, Format Version 12.00
# Visual Studio Version 16
VisualStudioVersion = 16.0.31112.23
MinimumVisualStudioVersion = 10.0.40219.1
Project("{8BC9CEB8-8B4A-11D0-8D11-00A0C91BC942}") = "DigitalClock", "DigitalClock.vcxproj", "{57788220-C0CD-422D-AF04-C2632017BE45}"
EndProject
Global
	GlobalSection(SolutionConfigurationPlatforms) = preSolution
		Debug|x64 = Debug|x64
		Debug|x86 = Debug|x86
		Release|x64 = Release|x64
		Release|x86 = Release|x86
	EndGlobalSection
	GlobalSection(ProjectConfigurationPlatforms) = postSolution
		{57788220-C0CD-422D-AF04-C2632017BE45}.Debug|x64.ActiveCfg = Debug|x64
		{57788220-C0CD-422D-AF04-C2632017BE45}.Debug|x64.Build.0 = Debug|x64
		{57788220-C0CD-422D-AF04-C2632017BE45}.Debug|x86.ActiveCfg = Debug|Win32
		{57788220-C0CD-422D-AF04-C2632017BE45}.Debug|x86.Build.0 = Debug|Win32
		{57788220-C0CD-422D-AF04-C2632017BE45}.Release|x64.ActiveCfg = Release|x64
		{57788220-C0CD-422D-AF04-C2632017BE45}.Release|x64.Build.0 = Release|x64
		{57788220-C0CD-422D-AF04-C2632017BE45}.Release|x86.ActiveCfg = Release|Win32
		{57788220-C0CD-422D-AF04-C2632017BE45}.Release|x86.Build.0 = Release|Win32
	EndGlobalSection
	GlobalSection(SolutionProperties) = preSolution
		HideSolutionNode = FALSE
	EndGlobalSection
	GlobalSection(ExtensibilityGlobals) = postSolution
		SolutionGuid = {C626485A-963B-4119-A426-DC27E6F7DC6E}
	EndGlobalSection
EndGlobal
